
Microsoft Visual Studio Solution File, Format Version 12.00
# Visual Studio Version 17
VisualStudioVersion = 17.6.33801.468
MinimumVisualStudioVersion = 10.0.40219.1
Project("{9A19103F-16F7-4668-BE54-9A1E7A4F7556}") = "ClassificationWithModelBuilder", "ClassificationWithModelBuilder\ClassificationWithModelBuilder.csproj", "{F5AD0B0C-1150-4ACD-BBF9-E54785B8D743}"
EndProject
Global
	GlobalSection(SolutionConfigurationPlatforms) = preSolution
		Debug|Any CPU = Debug|Any CPU
		Release|Any CPU = Release|Any CPU
	EndGlobalSection
	GlobalSection(ProjectConfigurationPlatforms) = postSolution
		{F5AD0B0C-1150-4ACD-BBF9-E54785B8D743}.Debug|Any CPU.ActiveCfg = Debug|Any CPU
		{F5AD0B0C-1150-4ACD-BBF9-E54785B8D743}.Debug|Any CPU.Build.0 = Debug|Any CPU
		{F5AD0B0C-1150-4ACD-BBF9-E54785B8D743}.Release|Any CPU.ActiveCfg = Release|Any CPU
		{F5AD0B0C-1150-4ACD-BBF9-E54785B8D743}.Release|Any CPU.Build.0 = Release|Any CPU
	EndGlobalSection
	GlobalSection(SolutionProperties) = preSolution
		HideSolutionNode = FALSE
	EndGlobalSection
	GlobalSection(ExtensibilityGlobals) = postSolution
		SolutionGuid = {BDF3B800-6CEE-4B50-BC1E-F848CE1ABC70}
	EndGlobalSection
EndGlobal
